Microsoft Visual Studio Solution File, Format Version 12.00
# Visual Studio Version 17
VisualStudioVersion = 17.5.2.0
MinimumVisualStudioVersion = 10.0.40219.1
Project("{FAE04EC0-301F-11D3-BF4B-00C04F79EFBC}") = "learn_api", "learn_api.csproj", "{8D976F6C-27B6-AF5E-6779-55338115DD0E}"
EndProject
Global
	GlobalSection(SolutionConfigurationPlatforms) = preSolution
		Debug|Any CPU = Debug|Any CPU
		Release|Any CPU = Release|Any CPU
	EndGlobalSection
	GlobalSection(ProjectConfigurationPlatforms) = postSolution
		{8D976F6C-27B6-AF5E-6779-55338115DD0E}.Debug|Any CPU.ActiveCfg = Debug|Any CPU
		{8D976F6C-27B6-AF5E-6779-55338115DD0E}.Debug|Any CPU.Build.0 = Debug|Any CPU
		{8D976F6C-27B6-AF5E-6779-55338115DD0E}.Release|Any CPU.ActiveCfg = Release|Any CPU
		{8D976F6C-27B6-AF5E-6779-55338115DD0E}.Release|Any CPU.Build.0 = Release|Any CPU
	EndGlobalSection
	GlobalSection(SolutionProperties) = preSolution
		HideSolutionNode = FALSE
	EndGlobalSection
	GlobalSection(ExtensibilityGlobals) = postSolution
		SolutionGuid = {B155DC4B-8CC9-41B3-A646-438777EC8867}
	EndGlobalSection
EndGlobal
